
Microsoft Visual Studio Solution File, Format Version 12.00
# Visual Studio 2012
Project("{FAE04EC0-301F-11D3-BF4B-00C04F79EFBC}") = "HadithDatabase", "HadithDatabase\HadithDatabase.csproj", "{E4BB56CF-CEF7-4245-B00D-007D2B153FA9}"
EndProject
Global
	GlobalSection(SolutionConfigurationPlatforms) = preSolution
		Debug|Any CPU = Debug|Any CPU
		Release|Any CPU = Release|Any CPU
	EndGlobalSection
	GlobalSection(ProjectConfigurationPlatforms) = postSolution
		{E4BB56CF-CEF7-4245-B00D-007D2B153FA9}.Debug|Any CPU.ActiveCfg = Debug|Any CPU
		{E4BB56CF-CEF7-4245-B00D-007D2B153FA9}.Debug|Any CPU.Build.0 = Debug|Any CPU
		{E4BB56CF-CEF7-4245-B00D-007D2B153FA9}.Release|Any CPU.ActiveCfg = Release|Any CPU
		{E4BB56CF-CEF7-4245-B00D-007D2B153FA9}.Release|Any CPU.Build.0 = Release|Any CPU
	EndGlobalSection
	GlobalSection(SolutionProperties) = preSolution
		HideSolutionNode = FALSE
	EndGlobalSection
EndGlobal
